// !$*UTF8*$!
{
	archiveVersion = 1;
	classes = {
	};
	objectVersion = 50;
	objects = {

/* Begin PBXBuildFile section */
		AF6D89092672528900630D48 /* AppDelegate.swift in Sources */ = {isa = PBXBuildFile; fileRef = AF6D89082672528900630D48 /* AppDelegate.swift */; };
		AF6D890B2672528900630D48 /* SceneDelegate.swift in Sources */ = {isa = PBXBuildFile; fileRef = AF6D890A2672528900630D48 /* SceneDelegate.swift */; };
		AF6D890D2672528900630D48 /* ContentView.swift in Sources */ = {isa = PBXBuildFile; fileRef = AF6D890C2672528900630D48 /* ContentView.swift */; };
		AF6D890F2672528A00630D48 /* Assets.xcassets in Resources */ = {isa = PBXBuildFile; fileRef = AF6D890E2672528A00630D48 /* Assets.xcassets */; };
		AF6D89122672528A00630D48 /* Preview Assets.xcassets in Resources */ = {isa = PBXBuildFile; fileRef = AF6D89112672528A00630D48 /* Preview Assets.xcassets */; };
		AF6D89152672528A00630D48 /* LaunchScreen.storyboard in Resources */ = {isa = PBXBuildFile; fileRef = AF6D89132672528A00630D48 /* LaunchScreen.storyboard */; };
		AF6D891D26725C9900630D48 /* User.swift in Sources */ = {isa = PBXBuildFile; fileRef = AF6D891C26725C9900630D48 /* User.swift */; };
		AF6D891F26725EF500630D48 /* UserClass.swift in Sources */ = {isa = PBXBuildFile; fileRef = AF6D891E26725EF500630D48 /* UserClass.swift */; };
		AF6D892326730EC600630D48 /* DetailView.swift in Sources */ = {isa = PBXBuildFile; fileRef = AF6D892226730EC600630D48 /* DetailView.swift */; };
/* End PBXBuildFile section */

/* Begin PBXFileReference section */
		AF6D89052672528900630D48 /* Milestone project 10-12.app */ = {isa = PBXFileReference; explicitFileType = wrapper.application; includeInIndex = 0; path = "Milestone project 10-12.app"; sourceTree = BUILT_PRODUCTS_DIR; };
		AF6D89082672528900630D48 /* AppDelegate.swift */ = {isa = PBXFileReference; lastKnownFileType = sourcecode.swift; path = AppDelegate.swift; sourceTree = "<group>"; };
		AF6D890A2672528900630D48 /* SceneDelegate.swift */ = {isa = PBXFileReference; lastKnownFileType = sourcecode.swift; path = SceneDelegate.swift; sourceTree = "<group>"; };
		AF6D890C2672528900630D48 /* ContentView.swift */ = {isa = PBXFileReference; lastKnownFileType = sourcecode.swift; path = ContentView.swift; sourceTree = "<group>"; };
		AF6D890E2672528A00630D48 /* Assets.xcassets */ = {isa = PBXFileReference; lastKnownFileType = folder.assetcatalog; path = Assets.xcassets; sourceTree = "<group>"; };
		AF6D89112672528A00630D48 /* Preview Assets.xcassets */ = {isa = PBXFileReference; lastKnownFileType = folder.assetcatalog; path = "Preview Assets.xcassets"; sourceTree = "<group>"; };
		AF6D89142672528A00630D48 /* Base */ = {isa = PBXFileReference; lastKnownFileType = file.storyboard; name = Base; path = Base.lproj/LaunchScreen.storyboard; sourceTree = "<group>"; };
		AF6D89162672528A00630D48 /* Info.plist */ = {isa = PBXFileReference; lastKnownFileType = text.plist.xml; path = Info.plist; sourceTree = "<group>"; };
		AF6D891C26725C9900630D48 /* User.swift */ = {isa = PBXFileReference; lastKnownFileType = sourcecode.swift; path = User.swift; sourceTree = "<group>"; };
		AF6D891E26725EF500630D48 /* UserClass.swift */ = {isa = PBXFileReference; lastKnownFileType = sourcecode.swift; path = UserClass.swift; sourceTree = "<group>"; };
		AF6D892226730EC600630D48 /* DetailView.swift */ = {isa = PBXFileReference; lastKnownFileType = sourcecode.swift; path = DetailView.swift; sourceTree = "<group>"; };
/* End PBXFileReference section */

/* Begin PBXFrameworksBuildPhase section */
		AF6D89022672528900630D48 /* Frameworks */ = {
			isa = PBXFrameworksBuildPhase;
			buildActionMask = 2147483647;
			files = (
			);
			runOnlyForDeploymentPostprocessing = 0;
		};
/* End PBXFrameworksBuildPhase section */

/* Begin PBXGroup section */
		AF6D88FC2672528900630D48 = {
			isa = PBXGroup;
			children = (
				AF6D89072672528900630D48 /* Milestone project 10-12 */,
				AF6D89062672528900630D48 /* Products */,
			);
			sourceTree = "<group>";
		};
		AF6D89062672528900630D48 /* Products */ = {
			isa = PBXGroup;
			children = (
				AF6D89052672528900630D48 /* Milestone project 10-12.app */,
			);
			name = Products;
			sourceTree = "<group>";
		};
		AF6D89072672528900630D48 /* Milestone project 10-12 */ = {
			isa = PBXGroup;
			children = (
				AF6D89082672528900630D48 /* AppDelegate.swift */,
				AF6D890A2672528900630D48 /* SceneDelegate.swift */,
				AF6D890C2672528900630D48 /* ContentView.swift */,
				AF6D892226730EC600630D48 /* DetailView.swift */,
				AF6D891C26725C9900630D48 /* User.swift */,
				AF6D891E26725EF500630D48 /* UserClass.swift */,
				AF6D890E2672528A00630D48 /* Assets.xcassets */,
				AF6D89132672528A00630D48 /* LaunchScreen.storyboard */,
				AF6D89162672528A00630D48 /* Info.plist */,
				AF6D89102672528A00630D48 /* Preview Content */,
			);
			path = "Milestone project 10-12";
			sourceTree = "<group>";
		};
		AF6D89102672528A00630D48 /* Preview Content */ = {
			isa = PBXGroup;
			children = (
				AF6D89112672528A00630D48 /* Preview Assets.xcassets */,
			);
			path = "Preview Content";
			sourceTree = "<group>";
		};
/* End PBXGroup section */

/* Begin PBXNativeTarget section */
		AF6D89042672528900630D48 /* Milestone project 10-12 */ = {
			isa = PBXNativeTarget;
			buildConfigurationList = AF6D89192672528A00630D48 /* Build configuration list for PBXNativeTarget "Milestone project 10-12" */;
			buildPhases = (
				AF6D89012672528900630D48 /* Sources */,
				AF6D89022672528900630D48 /* Frameworks */,
				AF6D89032672528900630D48 /* Resources */,
			);
			buildRules = (
			);
			dependencies = (
			);
			name = "Milestone project 10-12";
			productName = "Milestone project 10-12";
			productReference = AF6D89052672528900630D48 /* Milestone project 10-12.app */;
			productType = "com.apple.product-type.application";
		};
/* End PBXNativeTarget section */

/* Begin PBXProject section */
		AF6D88FD2672528900630D48 /* Project object */ = {
			isa = PBXProject;
			attributes = {
				LastSwiftUpdateCheck = 1200;
				LastUpgradeCheck = 1200;
				TargetAttributes = {
					AF6D89042672528900630D48 = {
						CreatedOnToolsVersion = 12.0;
					};
				};
			};
			buildConfigurationList = AF6D89002672528900630D48 /* Build configuration list for PBXProject "Milestone project 10-12" */;
			compatibilityVersion = "Xcode 9.3";
			developmentRegion = en;
			hasScannedForEncodings = 0;
			knownRegions = (
				en,
				Base,
			);
			mainGroup = AF6D88FC2672528900630D48;
			productRefGroup = AF6D89062672528900630D48 /* Products */;
			projectDirPath = "";
			projectRoot = "";
			targets = (
				AF6D89042672528900630D48 /* Milestone project 10-12 */,
			);
		};
/* End PBXProject section */

/* Begin PBXResourcesBuildPhase section */
		AF6D89032672528900630D48 /* Resources */ = {
			isa = PBXResourcesBuildPhase;
			buildActionMask = 2147483647;
			files = (
				AF6D89152672528A00630D48 /* LaunchScreen.storyboard in Resources */,
				AF6D89122672528A00630D48 /* Preview Assets.xcassets in Resources */,
				AF6D890F2672528A00630D48 /* Assets.xcassets in Resources */,
			);
			runOnlyForDeploymentPostprocessing = 0;
		};
/* End PBXResourcesBuildPhase section */

/* Begin PBXSourcesBuildPhase section */
		AF6D89012672528900630D48 /* Sources */ = {
			isa = PBXSourcesBuildPhase;
			buildActionMask = 2147483647;
			files = (
				AF6D891F26725EF500630D48 /* UserClass.swift in Sources */,
				AF6D892326730EC600630D48 /* DetailView.swift in Sources */,
				AF6D891D26725C9900630D48 /* User.swift in Sources */,
				AF6D89092672528900630D48 /* AppDelegate.swift in Sources */,
				AF6D890B2672528900630D48 /* SceneDelegate.swift in Sources */,
				AF6D890D2672528900630D48 /* ContentView.swift in Sources */,
			);
			runOnlyForDeploymentPostprocessing = 0;
		};
/* End PBXSourcesBuildPhase section */

/* Begin PBXVariantGroup section */
		AF6D89132672528A00630D48 /* LaunchScreen.storyboard */ = {
			isa = PBXVariantGroup;
			children = (
				AF6D89142672528A00630D48 /* Base */,
			);
			name = LaunchScreen.storyboard;
			sourceTree = "<group>";
		};
/* End PBXVariantGroup section */

/* Begin XCBuildConfiguration section */
		AF6D89172672528A00630D48 /* Debug */ = {
			isa = XCBuildConfiguration;
			buildSettings = {
				ALWAYS_SEARCH_USER_PATHS = NO;
				CLANG_ANALYZER_NONNULL = YES;
				CLANG_ANALYZER_NUMBER_OBJECT_CONVERSION = YES_AGGRESSIVE;
				CLANG_CXX_LANGUAGE_STANDARD = "gnu++14";
				CLANG_CXX_LIBRARY = "libc++";
				CLANG_ENABLE_MODULES = YES;
				CLANG_ENABLE_OBJC_ARC = YES;
				CLANG_ENABLE_OBJC_WEAK = YES;
				CLANG_WARN_BLOCK_CAPTURE_AUTORELEASING = YES;
				CLANG_WARN_BOOL_CONVERSION = YES;
				CLANG_WARN_COMMA = YES;
				CLANG_WARN_CONSTANT_CONVERSION = YES;
				CLANG_WARN_DEPRECATED_OBJC_IMPLEMENTATIONS = YES;
				CLANG_WARN_DIRECT_OBJC_ISA_USAGE = YES_ERROR;
				CLANG_WARN_DOCUMENTATION_COMMENTS = YES;
				CLANG_WARN_EMPTY_BODY = YES;
				CLANG_WARN_ENUM_CONVERSION = YES;
				CLANG_WARN_INFINITE_RECURSION = YES;
				CLANG_WARN_INT_CONVERSION = YES;
				CLANG_WARN_NON_LITERAL_NULL_CONVERSION = YES;
				CLANG_WARN_OBJC_IMPLICIT_RETAIN_SELF = YES;
				CLANG_WARN_OBJC_LITERAL_CONVERSION = YES;
				CLANG_WARN_OBJC_ROOT_CLASS = YES_ERROR;
				CLANG_WARN_QUOTED_INCLUDE_IN_FRAMEWORK_HEADER = YES;
				CLANG_WARN_RANGE_LOOP_ANALYSIS = YES;
				CLANG_WARN_STRICT_PROTOTYPES = YES;
				CLANG_WARN_SUSPICIOUS_MOVE = YES;
				CLANG_WARN_UNGUARDED_AVAILABILITY = YES_AGGRESSIVE;
				CLANG_WARN_UNREACHABLE_CODE = YES;
				CLANG_WARN__DUPLICATE_METHOD_MATCH = YES;
				COPY_PHASE_STRIP = NO;
				DEBUG_INFORMATION_FORMAT = dwarf;
				ENABLE_STRICT_OBJC_MSGSEND = YES;
				ENABLE_TESTABILITY = YES;
				GCC_C_LANGUAGE_STANDARD = gnu11;
				GCC_DYNAMIC_NO_PIC = NO;
				GCC_NO_COMMON_BLOCKS = YES;
				GCC_OPTIMIZATION_LEVEL = 0;
				GCC_PREPROCESSOR_DEFINITIONS = (
					"DEBUG=1",
					"$(inherited)",
				);
				GCC_WARN_64_TO_32_BIT_CONVERSION = YES;
				GCC_WARN_ABOUT_RETURN_TYPE = YES_ERROR;
				GCC_WARN_UNDECLARED_SELECTOR = YES;
				GCC_WARN_UNINITIALIZED_AUTOS = YES_AGGRESSIVE;
				GCC_WARN_UNUSED_FUNCTION = YES;
				GCC_WARN_UNUSED_VARIABLE = YES;
				IPHONEOS_DEPLOYMENT_TARGET = 14.0;
				MTL_ENABLE_DEBUG_INFO = INCLUDE_SOURCE;
				MTL_FAST_MATH = YES;
				ONLY_ACTIVE_ARCH = YES;
				SDKROOT = iphoneos;
				SWIFT_ACTIVE_COMPILATION_CONDITIONS = DEBUG;
				SWIFT_OPTIMIZATION_LEVEL = "-Onone";
			};
			name = Debug;
		};
		AF6D89182672528A00630D48 /* Release */ = {
			isa = XCBuildConfiguration;
			buildSettings = {
				ALWAYS_SEARCH_USER_PATHS = NO;
				CLANG_ANALYZER_NONNULL = YES;
				CLANG_ANALYZER_NUMBER_OBJECT_CONVERSION = YES_AGGRESSIVE;
				CLANG_CXX_LANGUAGE_STANDARD = "gnu++14";
				CLANG_CXX_LIBRARY = "libc++";
				CLANG_ENABLE_MODULES = YES;
				CLANG_ENABLE_OBJC_ARC = YES;
				CLANG_ENABLE_OBJC_WEAK = YES;
				CLANG_WARN_BLOCK_CAPTURE_AUTORELEASING = YES;
				CLANG_WARN_BOOL_CONVERSION = YES;
				CLANG_WARN_COMMA = YES;
				CLANG_WARN_CONSTANT_CONVERSION = YES;
				CLANG_WARN_DEPRECATED_OBJC_IMPLEMENTATIONS = YES;
				CLANG_WARN_DIRECT_OBJC_ISA_USAGE = YES_ERROR;
				CLANG_WARN_DOCUMENTATION_COMMENTS = YES;
				CLANG_WARN_EMPTY_BODY = YES;
				CLANG_WARN_ENUM_CONVERSION = YES;
				CLANG_WARN_INFINITE_RECURSION = YES;
				CLANG_WARN_INT_CONVERSION = YES;
				CLANG_WARN_NON_LITERAL_NULL_CONVERSION = YES;
				CLANG_WARN_OBJC_IMPLICIT_RETAIN_SELF = YES;
				CLANG_WARN_OBJC_LITERAL_CONVERSION = YES;
				CLANG_WARN_OBJC_ROOT_CLASS = YES_ERROR;
				CLANG_WARN_QUOTED_INCLUDE_IN_FRAMEWORK_HEADER = YES;
				CLANG_WARN_RANGE_LOOP_ANALYSIS = YES;
				CLANG_WARN_STRICT_PROTOTYPES = YES;
				CLANG_WARN_SUSPICIOUS_MOVE = YES;
				CLANG_WARN_UNGUARDED_AVAILABILITY = YES_AGGRESSIVE;
				CLANG_WARN_UNREACHABLE_CODE = YES;
				CLANG_WARN__DUPLICATE_METHOD_MATCH = YES;
				COPY_PHASE_STRIP = NO;
				DEBUG_INFORMATION_FORMAT = "dwarf-with-dsym";
				ENABLE_NS_ASSERTIONS = NO;
				ENABLE_STRICT_OBJC_MSGSEND = YES;
				GCC_C_LANGUAGE_STANDARD = gnu11;
				GCC_NO_COMMON_BLOCKS = YES;
				GCC_WARN_64_TO_32_BIT_CONVERSION = YES;
				GCC_WARN_ABOUT_RETURN_TYPE = YES_ERROR;
				GCC_WARN_UNDECLARED_SELECTOR = YES;
				GCC_WARN_UNINITIALIZED_AUTOS = YES_AGGRESSIVE;
				GCC_WARN_UNUSED_FUNCTION = YES;
				GCC_WARN_UNUSED_VARIABLE = YES;
				IPHONEOS_DEPLOYMENT_TARGET = 14.0;
				MTL_ENABLE_DEBUG_INFO = NO;
				MTL_FAST_MATH = YES;
				SDKROOT = iphoneos;
				SWIFT_COMPILATION_MODE = wholemodule;
				SWIFT_OPTIMIZATION_LEVEL = "-O";
				VALIDATE_PRODUCT = YES;
			};
			name = Release;
		};
		AF6D891A2672528A00630D48 /* Debug */ = {
			isa = XCBuildConfiguration;
			buildSettings = {
				ASSETCATALOG_COMPILER_APPICON_NAME = AppIcon;
				ASSETCATALOG_COMPILER_GLOBAL_ACCENT_COLOR_NAME = AccentColor;
				CODE_SIGN_STYLE = Automatic;
				DEVELOPMENT_ASSET_PATHS = "\"Milestone project 10-12/Preview Content\"";
				DEVELOPMENT_TEAM = WBND8H9MX8;
				ENABLE_PREVIEWS = YES;
				INFOPLIST_FILE = "Milestone project 10-12/Info.plist";
				LD_RUNPATH_SEARCH_PATHS = (
					"$(inherited)",
					"@executable_path/Frameworks",
				);
				PRODUCT_BUNDLE_IDENTIFIER = "com.ansa.Milestone-project-10-12";
				PRODUCT_NAME = "$(TARGET_NAME)";
				SWIFT_VERSION = 5.0;
				TARGETED_DEVICE_FAMILY = "1,2";
			};
			name = Debug;
		};
		AF6D891B2672528A00630D48 /* Release */ = {
			isa = XCBuildConfiguration;
			buildSettings = {
				ASSETCATALOG_COMPILER_APPICON_NAME = AppIcon;
				ASSETCATALOG_COMPILER_GLOBAL_ACCENT_COLOR_NAME = AccentColor;
				CODE_SIGN_STYLE = Automatic;
				DEVELOPMENT_ASSET_PATHS = "\"Milestone project 10-12/Preview Content\"";
				DEVELOPMENT_TEAM = WBND8H9MX8;
				ENABLE_PREVIEWS = YES;
				INFOPLIST_FILE = "Milestone project 10-12/Info.plist";
				LD_RUNPATH_SEARCH_PATHS = (
					"$(inherited)",
					"@executable_path/Frameworks",
				);
				PRODUCT_BUNDLE_IDENTIFIER = "com.ansa.Milestone-project-10-12";
				PRODUCT_NAME = "$(TARGET_NAME)";
				SWIFT_VERSION = 5.0;
				TARGETED_DEVICE_FAMILY = "1,2";
			};
			name = Release;
		};
/* End XCBuildConfiguration section */

/* Begin XCConfigurationList section */
		AF6D89002672528900630D48 /* Build configuration list for PBXProject "Milestone project 10-12" */ = {
			isa = XCConfigurationList;
			buildConfigurations = (
				AF6D89172672528A00630D48 /* Debug */,
				AF6D89182672528A00630D48 /* Release */,
			);
			defaultConfigurationIsVisible = 0;
			defaultConfigurationName = Release;
		};
		AF6D89192672528A00630D48 /* Build configuration list for PBXNativeTarget "Milestone project 10-12" */ = {
			isa = XCConfigurationList;
			buildConfigurations = (
				AF6D891A2672528A00630D48 /* Debug */,
				AF6D891B2672528A00630D48 /* Release */,
			);
			defaultConfigurationIsVisible = 0;
			defaultConfigurationName = Release;
		};
/* End XCConfigurationList section */
	};
	rootObject = AF6D88FD2672528900630D48 /* Project object */;
}
